
Microsoft Visual Studio Solution File, Format Version 10.00
# Visual Studio 2008
Project("{FAE04EC0-301F-11D3-BF4B-00C04F79EFBC}") = "ALW.TTU.CSC2400P2", "ALW.TTU.CSC2400P2\ALW.TTU.CSC2400P2.csproj", "{D1761EE1-B347-48E8-B596-B97EFB481507}"
EndProject
Global
	GlobalSection(SourceCodeControl) = preSolution
		SccNumberOfProjects = 2
		SccLocalPath0 = .
		SccProjectUniqueName1 = ALW.TTU.CSC2400P2\\ALW.TTU.CSC2400P2.csproj
		SccLocalPath1 = .
		SccProjectFilePathRelativizedFromConnection1 = ALW.TTU.CSC2400P2\\
	EndGlobalSection
	GlobalSection(SolutionConfigurationPlatforms) = preSolution
		Debug|Any CPU = Debug|Any CPU
		Release|Any CPU = Release|Any CPU
	EndGlobalSection
	GlobalSection(ProjectConfigurationPlatforms) = postSolution
		{D1761EE1-B347-48E8-B596-B97EFB481507}.Debug|Any CPU.ActiveCfg = Debug|Any CPU
		{D1761EE1-B347-48E8-B596-B97EFB481507}.Debug|Any CPU.Build.0 = Debug|Any CPU
		{D1761EE1-B347-48E8-B596-B97EFB481507}.Release|Any CPU.ActiveCfg = Release|Any CPU
		{D1761EE1-B347-48E8-B596-B97EFB481507}.Release|Any CPU.Build.0 = Release|Any CPU
	EndGlobalSection
	GlobalSection(SolutionProperties) = preSolution
		HideSolutionNode = FALSE
	EndGlobalSection
EndGlobal
