
Microsoft Visual Studio Solution File, Format Version 11.00
# Visual Studio 2010
Project("{2150E333-8FDC-42A3-9474-1A3956D46DE8}") = "Header Files", "Header Files", "{FF3B5657-FB79-4EAE-96DD-282D346479F5}"
	ProjectSection(SolutionItems) = preProject
		..\..\..\TTU\CSC3750\Programs\Program #4\AffineTransforms.h = ..\..\..\TTU\CSC3750\Programs\Program #4\AffineTransforms.h
		..\..\..\TTU\CSC3750\Programs\Program #4\BasicMatrix.h = ..\..\..\TTU\CSC3750\Programs\Program #4\BasicMatrix.h
		..\..\..\TTU\CSC3750\Programs\Program #4\BasicObject.h = ..\..\..\TTU\CSC3750\Programs\Program #4\BasicObject.h
		..\..\..\TTU\CSC3750\Programs\Program #4\Color.h = ..\..\..\TTU\CSC3750\Programs\Program #4\Color.h
		..\..\..\TTU\CSC3750\Programs\Program #4\DeleteObject.h = ..\..\..\TTU\CSC3750\Programs\Program #4\DeleteObject.h
		..\..\..\TTU\CSC3750\Programs\Program #4\Face.h = ..\..\..\TTU\CSC3750\Programs\Program #4\Face.h
		..\..\..\TTU\CSC3750\Programs\Program #4\FileIO.h = ..\..\..\TTU\CSC3750\Programs\Program #4\FileIO.h
		..\..\..\TTU\CSC3750\Programs\Program #4\InstanceObject.h = ..\..\..\TTU\CSC3750\Programs\Program #4\InstanceObject.h
		..\..\..\TTU\CSC3750\Programs\Program #4\List.h = ..\..\..\TTU\CSC3750\Programs\Program #4\List.h
		..\..\..\TTU\CSC3750\Programs\Program #4\ListIterator.h = ..\..\..\TTU\CSC3750\Programs\Program #4\ListIterator.h
		..\..\..\TTU\CSC3750\Programs\Program #4\Matrix.h = ..\..\..\TTU\CSC3750\Programs\Program #4\Matrix.h
		..\..\..\TTU\CSC3750\Programs\Program #4\Node.h = ..\..\..\TTU\CSC3750\Programs\Program #4\Node.h
		..\..\..\TTU\CSC3750\Programs\Program #4\Picture.h = ..\..\..\TTU\CSC3750\Programs\Program #4\Picture.h
		..\..\..\TTU\CSC3750\Programs\Program #4\Pixel.h = ..\..\..\TTU\CSC3750\Programs\Program #4\Pixel.h
		..\..\..\TTU\CSC3750\Programs\Program #4\Scene.h = ..\..\..\TTU\CSC3750\Programs\Program #4\Scene.h
		..\..\..\TTU\CSC3750\Programs\Program #4\TransformNode.h = ..\..\..\TTU\CSC3750\Programs\Program #4\TransformNode.h
		..\..\..\TTU\CSC3750\Programs\Program #4\Vector.h = ..\..\..\TTU\CSC3750\Programs\Program #4\Vector.h
		..\..\..\TTU\CSC3750\Programs\Program #4\Vertex.h = ..\..\..\TTU\CSC3750\Programs\Program #4\Vertex.h
		..\..\..\TTU\CSC3750\Programs\Program #4\Window.h = ..\..\..\TTU\CSC3750\Programs\Program #4\Window.h
	EndProjectSection
EndProject
Project("{2150E333-8FDC-42A3-9474-1A3956D46DE8}") = "Source Files", "Source Files", "{5FEB14F9-5167-47F4-8032-CB26537358FE}"
	ProjectSection(SolutionItems) = preProject
		..\..\..\TTU\CSC3750\Programs\Program #4\AffineTransforms.cpp = ..\..\..\TTU\CSC3750\Programs\Program #4\AffineTransforms.cpp
		..\..\..\TTU\CSC3750\Programs\Program #4\BasicMatrix.cpp = ..\..\..\TTU\CSC3750\Programs\Program #4\BasicMatrix.cpp
		..\..\..\TTU\CSC3750\Programs\Program #4\BasicObject.cpp = ..\..\..\TTU\CSC3750\Programs\Program #4\BasicObject.cpp
		..\..\..\TTU\CSC3750\Programs\Program #4\Color.cpp = ..\..\..\TTU\CSC3750\Programs\Program #4\Color.cpp
		..\..\..\TTU\CSC3750\Programs\Program #4\DeleteObject.cpp = ..\..\..\TTU\CSC3750\Programs\Program #4\DeleteObject.cpp
		..\..\..\TTU\CSC3750\Programs\Program #4\Face.cpp = ..\..\..\TTU\CSC3750\Programs\Program #4\Face.cpp
		..\..\..\TTU\CSC3750\Programs\Program #4\FileIO.cpp = ..\..\..\TTU\CSC3750\Programs\Program #4\FileIO.cpp
		..\..\..\TTU\CSC3750\Programs\Program #4\InstanceObject.cpp = ..\..\..\TTU\CSC3750\Programs\Program #4\InstanceObject.cpp
		..\..\..\TTU\CSC3750\Programs\Program #4\Main.cpp = ..\..\..\TTU\CSC3750\Programs\Program #4\Main.cpp
		..\..\..\TTU\CSC3750\Programs\Program #4\Matrix.cpp = ..\..\..\TTU\CSC3750\Programs\Program #4\Matrix.cpp
		..\..\..\TTU\CSC3750\Programs\Program #4\Node.cpp = ..\..\..\TTU\CSC3750\Programs\Program #4\Node.cpp
		..\..\..\TTU\CSC3750\Programs\Program #4\Picture.cpp = ..\..\..\TTU\CSC3750\Programs\Program #4\Picture.cpp
		..\..\..\TTU\CSC3750\Programs\Program #4\Pixel.cpp = ..\..\..\TTU\CSC3750\Programs\Program #4\Pixel.cpp
		..\..\..\TTU\CSC3750\Programs\Program #4\Scene.cpp = ..\..\..\TTU\CSC3750\Programs\Program #4\Scene.cpp
		..\..\..\TTU\CSC3750\Programs\Program #4\TransformNode.cpp = ..\..\..\TTU\CSC3750\Programs\Program #4\TransformNode.cpp
		..\..\..\TTU\CSC3750\Programs\Program #4\Vector.cpp = ..\..\..\TTU\CSC3750\Programs\Program #4\Vector.cpp
		..\..\..\TTU\CSC3750\Programs\Program #4\Vertex.cpp = ..\..\..\TTU\CSC3750\Programs\Program #4\Vertex.cpp
		..\..\..\TTU\CSC3750\Programs\Program #4\Window.cpp = ..\..\..\TTU\CSC3750\Programs\Program #4\Window.cpp
	EndProjectSection
EndProject
Project("{2150E333-8FDC-42A3-9474-1A3956D46DE8}") = "Text Files", "Text Files", "{CF5C4D0B-6597-49F3-8D1F-6A2DDDD7DAE1}"
	ProjectSection(SolutionItems) = preProject
		..\..\..\TTU\CSC3750\Programs\Program #4\camera.txt = ..\..\..\TTU\CSC3750\Programs\Program #4\camera.txt
		..\..\..\TTU\CSC3750\Programs\Program #4\fov.txt = ..\..\..\TTU\CSC3750\Programs\Program #4\fov.txt
		..\..\..\TTU\CSC3750\Programs\Program #4\sphere.txt = ..\..\..\TTU\CSC3750\Programs\Program #4\sphere.txt
		..\..\..\TTU\CSC3750\Programs\Program #4\trs.txt = ..\..\..\TTU\CSC3750\Programs\Program #4\trs.txt
	EndProjectSection
EndProject
Global
	GlobalSection(SourceCodeControl) = preSolution
		SccNumberOfProjects = 1
		SccProjectName0 = \u0022$/Me/TTU/CSC3750/Program\u00204/Program\u00204\u0022,\u0020GBMAAAAA
		SccLocalPath0 = ..\\..\\..
		SccProvider0 = MSSCCI:Microsoft\u0020Visual\u0020SourceSafe
		SccProjectFilePathRelativizedFromConnection0 = Visual\u0020Studio\u002010\\Projects\\Program\u00204\\
	EndGlobalSection
	GlobalSection(SolutionProperties) = preSolution
		HideSolutionNode = FALSE
	EndGlobalSection
EndGlobal
